// !$*UTF8*$!
{
	archiveVersion = 1;
	classes = {
	};
	objectVersion = 46;
	objects = {

/* Begin PBXBuildFile section */
		107D3AB01CDFA07200687AF4 /* AppDelegate.swift in Sources */ = {isa = PBXBuildFile; fileRef = 107D3AAF1CDFA07200687AF4 /* AppDelegate.swift */; };
		107D3AB21CDFA07200687AF4 /* RecordSoundsViewController.swift in Sources */ = {isa = PBXBuildFile; fileRef = 107D3AB11CDFA07200687AF4 /* RecordSoundsViewController.swift */; };
		107D3AB51CDFA07200687AF4 /* Main.storyboard in Resources */ = {isa = PBXBuildFile; fileRef = 107D3AB31CDFA07200687AF4 /* Main.storyboard */; };
		107D3AB71CDFA07200687AF4 /* Assets.xcassets in Resources */ = {isa = PBXBuildFile; fileRef = 107D3AB61CDFA07200687AF4 /* Assets.xcassets */; };
		107D3ABA1CDFA07200687AF4 /* LaunchScreen.storyboard in Resources */ = {isa = PBXBuildFile; fileRef = 107D3AB81CDFA07200687AF4 /* LaunchScreen.storyboard */; };
		107D3AC51CDFA07300687AF4 /* PitchPerfectTests.swift in Sources */ = {isa = PBXBuildFile; fileRef = 107D3AC41CDFA07300687AF4 /* PitchPerfectTests.swift */; };
		107D3AD01CDFA07300687AF4 /* PitchPerfectUITests.swift in Sources */ = {isa = PBXBuildFile; fileRef = 107D3ACF1CDFA07300687AF4 /* PitchPerfectUITests.swift */; };
		107D3ADE1CE581B000687AF4 /* PlaySoundsViewController.swift in Sources */ = {isa = PBXBuildFile; fileRef = 107D3ADD1CE581B000687AF4 /* PlaySoundsViewController.swift */; settings = {ASSET_TAGS = (); }; };
		107D3AE01CE7A5BB00687AF4 /* PlaySoundsViewController+Audio.swift in Sources */ = {isa = PBXBuildFile; fileRef = 107D3ADF1CE7A5BB00687AF4 /* PlaySoundsViewController+Audio.swift */; settings = {ASSET_TAGS = (); }; };
/* End PBXBuildFile section */

/* Begin PBXContainerItemProxy section */
		107D3AC11CDFA07300687AF4 /* PBXContainerItemProxy */ = {
			isa = PBXContainerItemProxy;
			containerPortal = 107D3AA41CDFA07200687AF4 /* Project object */;
			proxyType = 1;
			remoteGlobalIDString = 107D3AAB1CDFA07200687AF4;
			remoteInfo = PitchPerfect;
		};
		107D3ACC1CDFA07300687AF4 /* PBXContainerItemProxy */ = {
			isa = PBXContainerItemProxy;
			containerPortal = 107D3AA41CDFA07200687AF4 /* Project object */;
			proxyType = 1;
			remoteGlobalIDString = 107D3AAB1CDFA07200687AF4;
			remoteInfo = PitchPerfect;
		};
/* End PBXContainerItemProxy section */

/* Begin PBXFileReference section */
		107D3AAC1CDFA07200687AF4 /* PitchPerfect.app */ = {isa = PBXFileReference; explicitFileType = wrapper.application; includeInIndex = 0; path = PitchPerfect.app; sourceTree = BUILT_PRODUCTS_DIR; };
		107D3AAF1CDFA07200687AF4 /* AppDelegate.swift */ = {isa = PBXFileReference; lastKnownFileType = sourcecode.swift; path = AppDelegate.swift; sourceTree = "<group>"; };
		107D3AB11CDFA07200687AF4 /* RecordSoundsViewController.swift */ = {isa = PBXFileReference; lastKnownFileType = sourcecode.swift; path = RecordSoundsViewController.swift; sourceTree = "<group>"; };
		107D3AB41CDFA07200687AF4 /* Base */ = {isa = PBXFileReference; lastKnownFileType = file.storyboard; name = Base; path = Base.lproj/Main.storyboard; sourceTree = "<group>"; };
		107D3AB61CDFA07200687AF4 /* Assets.xcassets */ = {isa = PBXFileReference; lastKnownFileType = folder.assetcatalog; path = Assets.xcassets; sourceTree = "<group>"; };
		107D3AB91CDFA07200687AF4 /* Base */ = {isa = PBXFileReference; lastKnownFileType = file.storyboard; name = Base; path = Base.lproj/LaunchScreen.storyboard; sourceTree = "<group>"; };
		107D3ABB1CDFA07200687AF4 /* Info.plist */ = {isa = PBXFileReference; lastKnownFileType = text.plist.xml; path = Info.plist; sourceTree = "<group>"; };
		107D3AC01CDFA07300687AF4 /* PitchPerfectTests.xctest */ = {isa = PBXFileReference; explicitFileType = wrapper.cfbundle; includeInIndex = 0; path = PitchPerfectTests.xctest; sourceTree = BUILT_PRODUCTS_DIR; };
		107D3AC41CDFA07300687AF4 /* PitchPerfectTests.swift */ = {isa = PBXFileReference; lastKnownFileType = sourcecode.swift; path = PitchPerfectTests.swift; sourceTree = "<group>"; };
		107D3AC61CDFA07300687AF4 /* Info.plist */ = {isa = PBXFileReference; lastKnownFileType = text.plist.xml; path = Info.plist; sourceTree = "<group>"; };
		107D3ACB1CDFA07300687AF4 /* PitchPerfectUITests.xctest */ = {isa = PBXFileReference; explicitFileType = wrapper.cfbundle; includeInIndex = 0; path = PitchPerfectUITests.xctest; sourceTree = BUILT_PRODUCTS_DIR; };
		107D3ACF1CDFA07300687AF4 /* PitchPerfectUITests.swift */ = {isa = PBXFileReference; lastKnownFileType = sourcecode.swift; path = PitchPerfectUITests.swift; sourceTree = "<group>"; };
		107D3AD11CDFA07300687AF4 /* Info.plist */ = {isa = PBXFileReference; lastKnownFileType = text.plist.xml; path = Info.plist; sourceTree = "<group>"; };
		107D3ADD1CE581B000687AF4 /* PlaySoundsViewController.swift */ = {isa = PBXFileReference; fileEncoding = 4; lastKnownFileType = sourcecode.swift; path = PlaySoundsViewController.swift; sourceTree = "<group>"; };
		107D3ADF1CE7A5BB00687AF4 /* PlaySoundsViewController+Audio.swift */ = {isa = PBXFileReference; fileEncoding = 4; lastKnownFileType = sourcecode.swift; path = "PlaySoundsViewController+Audio.swift"; sourceTree = "<group>"; };
/* End PBXFileReference section */

/* Begin PBXFrameworksBuildPhase section */
		107D3AA91CDFA07200687AF4 /* Frameworks */ = {
			isa = PBXFrameworksBuildPhase;
			buildActionMask = 2147483647;
			files = (
			);
			runOnlyForDeploymentPostprocessing = 0;
		};
		107D3ABD1CDFA07300687AF4 /* Frameworks */ = {
			isa = PBXFrameworksBuildPhase;
			buildActionMask = 2147483647;
			files = (
			);
			runOnlyForDeploymentPostprocessing = 0;
		};
		107D3AC81CDFA07300687AF4 /* Frameworks */ = {
			isa = PBXFrameworksBuildPhase;
			buildActionMask = 2147483647;
			files = (
			);
			runOnlyForDeploymentPostprocessing = 0;
		};
/* End PBXFrameworksBuildPhase section */

/* Begin PBXGroup section */
		107D3AA31CDFA07200687AF4 = {
			isa = PBXGroup;
			children = (
				107D3AAE1CDFA07200687AF4 /* PitchPerfect */,
				107D3AC31CDFA07300687AF4 /* PitchPerfectTests */,
				107D3ACE1CDFA07300687AF4 /* PitchPerfectUITests */,
				107D3AAD1CDFA07200687AF4 /* Products */,
			);
			sourceTree = "<group>";
		};
		107D3AAD1CDFA07200687AF4 /* Products */ = {
			isa = PBXGroup;
			children = (
				107D3AAC1CDFA07200687AF4 /* PitchPerfect.app */,
				107D3AC01CDFA07300687AF4 /* PitchPerfectTests.xctest */,
				107D3ACB1CDFA07300687AF4 /* PitchPerfectUITests.xctest */,
			);
			name = Products;
			sourceTree = "<group>";
		};
		107D3AAE1CDFA07200687AF4 /* PitchPerfect */ = {
			isa = PBXGroup;
			children = (
				107D3AAF1CDFA07200687AF4 /* AppDelegate.swift */,
				107D3AB11CDFA07200687AF4 /* RecordSoundsViewController.swift */,
				107D3ADF1CE7A5BB00687AF4 /* PlaySoundsViewController+Audio.swift */,
				107D3ADD1CE581B000687AF4 /* PlaySoundsViewController.swift */,
				107D3AB31CDFA07200687AF4 /* Main.storyboard */,
				107D3AB61CDFA07200687AF4 /* Assets.xcassets */,
				107D3AB81CDFA07200687AF4 /* LaunchScreen.storyboard */,
				107D3ABB1CDFA07200687AF4 /* Info.plist */,
			);
			path = PitchPerfect;
			sourceTree = "<group>";
		};
		107D3AC31CDFA07300687AF4 /* PitchPerfectTests */ = {
			isa = PBXGroup;
			children = (
				107D3AC41CDFA07300687AF4 /* PitchPerfectTests.swift */,
				107D3AC61CDFA07300687AF4 /* Info.plist */,
			);
			path = PitchPerfectTests;
			sourceTree = "<group>";
		};
		107D3ACE1CDFA07300687AF4 /* PitchPerfectUITests */ = {
			isa = PBXGroup;
			children = (
				107D3ACF1CDFA07300687AF4 /* PitchPerfectUITests.swift */,
				107D3AD11CDFA07300687AF4 /* Info.plist */,
			);
			path = PitchPerfectUITests;
			sourceTree = "<group>";
		};
/* End PBXGroup section */

/* Begin PBXNativeTarget section */
		107D3AAB1CDFA07200687AF4 /* PitchPerfect */ = {
			isa = PBXNativeTarget;
			buildConfigurationList = 107D3AD41CDFA07300687AF4 /* Build configuration list for PBXNativeTarget "PitchPerfect" */;
			buildPhases = (
				107D3AA81CDFA07200687AF4 /* Sources */,
				107D3AA91CDFA07200687AF4 /* Frameworks */,
				107D3AAA1CDFA07200687AF4 /* Resources */,
			);
			buildRules = (
			);
			dependencies = (
			);
			name = PitchPerfect;
			productName = PitchPerfect;
			productReference = 107D3AAC1CDFA07200687AF4 /* PitchPerfect.app */;
			productType = "com.apple.product-type.application";
		};
		107D3ABF1CDFA07300687AF4 /* PitchPerfectTests */ = {
			isa = PBXNativeTarget;
			buildConfigurationList = 107D3AD71CDFA07300687AF4 /* Build configuration list for PBXNativeTarget "PitchPerfectTests" */;
			buildPhases = (
				107D3ABC1CDFA07300687AF4 /* Sources */,
				107D3ABD1CDFA07300687AF4 /* Frameworks */,
				107D3ABE1CDFA07300687AF4 /* Resources */,
			);
			buildRules = (
			);
			dependencies = (
				107D3AC21CDFA07300687AF4 /* PBXTargetDependency */,
			);
			name = PitchPerfectTests;
			productName = PitchPerfectTests;
			productReference = 107D3AC01CDFA07300687AF4 /* PitchPerfectTests.xctest */;
			productType = "com.apple.product-type.bundle.unit-test";
		};
		107D3ACA1CDFA07300687AF4 /* PitchPerfectUITests */ = {
			isa = PBXNativeTarget;
			buildConfigurationList = 107D3ADA1CDFA07300687AF4 /* Build configuration list for PBXNativeTarget "PitchPerfectUITests" */;
			buildPhases = (
				107D3AC71CDFA07300687AF4 /* Sources */,
				107D3AC81CDFA07300687AF4 /* Frameworks */,
				107D3AC91CDFA07300687AF4 /* Resources */,
			);
			buildRules = (
			);
			dependencies = (
				107D3ACD1CDFA07300687AF4 /* PBXTargetDependency */,
			);
			name = PitchPerfectUITests;
			productName = PitchPerfectUITests;
			productReference = 107D3ACB1CDFA07300687AF4 /* PitchPerfectUITests.xctest */;
			productType = "com.apple.product-type.bundle.ui-testing";
		};
/* End PBXNativeTarget section */

/* Begin PBXProject section */
		107D3AA41CDFA07200687AF4 /* Project object */ = {
			isa = PBXProject;
			attributes = {
				LastUpgradeCheck = 0700;
				ORGANIZATIONNAME = "Sumra Zafar";
				TargetAttributes = {
					107D3AAB1CDFA07200687AF4 = {
						CreatedOnToolsVersion = 7.0;
					};
					107D3ABF1CDFA07300687AF4 = {
						CreatedOnToolsVersion = 7.0;
						TestTargetID = 107D3AAB1CDFA07200687AF4;
					};
					107D3ACA1CDFA07300687AF4 = {
						CreatedOnToolsVersion = 7.0;
						TestTargetID = 107D3AAB1CDFA07200687AF4;
					};
				};
			};
			buildConfigurationList = 107D3AA71CDFA07200687AF4 /* Build configuration list for PBXProject "PitchPerfect" */;
			compatibilityVersion = "Xcode 3.2";
			developmentRegion = English;
			hasScannedForEncodings = 0;
			knownRegions = (
				en,
				Base,
			);
			mainGroup = 107D3AA31CDFA07200687AF4;
			productRefGroup = 107D3AAD1CDFA07200687AF4 /* Products */;
			projectDirPath = "";
			projectRoot = "";
			targets = (
				107D3AAB1CDFA07200687AF4 /* PitchPerfect */,
				107D3ABF1CDFA07300687AF4 /* PitchPerfectTests */,
				107D3ACA1CDFA07300687AF4 /* PitchPerfectUITests */,
			);
		};
/* End PBXProject section */

/* Begin PBXResourcesBuildPhase section */
		107D3AAA1CDFA07200687AF4 /* Resources */ = {
			isa = PBXResourcesBuildPhase;
			buildActionMask = 2147483647;
			files = (
				107D3ABA1CDFA07200687AF4 /* LaunchScreen.storyboard in Resources */,
				107D3AB71CDFA07200687AF4 /* Assets.xcassets in Resources */,
				107D3AB51CDFA07200687AF4 /* Main.storyboard in Resources */,
			);
			runOnlyForDeploymentPostprocessing = 0;
		};
		107D3ABE1CDFA07300687AF4 /* Resources */ = {
			isa = PBXResourcesBuildPhase;
			buildActionMask = 2147483647;
			files = (
			);
			runOnlyForDeploymentPostprocessing = 0;
		};
		107D3AC91CDFA07300687AF4 /* Resources */ = {
			isa = PBXResourcesBuildPhase;
			buildActionMask = 2147483647;
			files = (
			);
			runOnlyForDeploymentPostprocessing = 0;
		};
/* End PBXResourcesBuildPhase section */

/* Begin PBXSourcesBuildPhase section */
		107D3AA81CDFA07200687AF4 /* Sources */ = {
			isa = PBXSourcesBuildPhase;
			buildActionMask = 2147483647;
			files = (
				107D3AB21CDFA07200687AF4 /* RecordSoundsViewController.swift in Sources */,
				107D3AE01CE7A5BB00687AF4 /* PlaySoundsViewController+Audio.swift in Sources */,
				107D3ADE1CE581B000687AF4 /* PlaySoundsViewController.swift in Sources */,
				107D3AB01CDFA07200687AF4 /* AppDelegate.swift in Sources */,
			);
			runOnlyForDeploymentPostprocessing = 0;
		};
		107D3ABC1CDFA07300687AF4 /* Sources */ = {
			isa = PBXSourcesBuildPhase;
			buildActionMask = 2147483647;
			files = (
				107D3AC51CDFA07300687AF4 /* PitchPerfectTests.swift in Sources */,
			);
			runOnlyForDeploymentPostprocessing = 0;
		};
		107D3AC71CDFA07300687AF4 /* Sources */ = {
			isa = PBXSourcesBuildPhase;
			buildActionMask = 2147483647;
			files = (
				107D3AD01CDFA07300687AF4 /* PitchPerfectUITests.swift in Sources */,
			);
			runOnlyForDeploymentPostprocessing = 0;
		};
/* End PBXSourcesBuildPhase section */

/* Begin PBXTargetDependency section */
		107D3AC21CDFA07300687AF4 /* PBXTargetDependency */ = {
			isa = PBXTargetDependency;
			target = 107D3AAB1CDFA07200687AF4 /* PitchPerfect */;
			targetProxy = 107D3AC11CDFA07300687AF4 /* PBXContainerItemProxy */;
		};
		107D3ACD1CDFA07300687AF4 /* PBXTargetDependency */ = {
			isa = PBXTargetDependency;
			target = 107D3AAB1CDFA07200687AF4 /* PitchPerfect */;
			targetProxy = 107D3ACC1CDFA07300687AF4 /* PBXContainerItemProxy */;
		};
/* End PBXTargetDependency section */

/* Begin PBXVariantGroup section */
		107D3AB31CDFA07200687AF4 /* Main.storyboard */ = {
			isa = PBXVariantGroup;
			children = (
				107D3AB41CDFA07200687AF4 /* Base */,
			);
			name = Main.storyboard;
			sourceTree = "<group>";
		};
		107D3AB81CDFA07200687AF4 /* LaunchScreen.storyboard */ = {
			isa = PBXVariantGroup;
			children = (
				107D3AB91CDFA07200687AF4 /* Base */,
			);
			name = LaunchScreen.storyboard;
			sourceTree = "<group>";
		};
/* End PBXVariantGroup section */

/* Begin XCBuildConfiguration section */
		107D3AD21CDFA07300687AF4 /* Debug */ = {
			isa = XCBuildConfiguration;
			buildSettings = {
				ALWAYS_SEARCH_USER_PATHS = NO;
				CLANG_CXX_LANGUAGE_STANDARD = "gnu++0x";
				CLANG_CXX_LIBRARY = "libc++";
				CLANG_ENABLE_MODULES = YES;
				CLANG_ENABLE_OBJC_ARC = YES;
				CLANG_WARN_BOOL_CONVERSION = YES;
				CLANG_WARN_CONSTANT_CONVERSION = YES;
				CLANG_WARN_DIRECT_OBJC_ISA_USAGE = YES_ERROR;
				CLANG_WARN_EMPTY_BODY = YES;
				CLANG_WARN_ENUM_CONVERSION = YES;
				CLANG_WARN_INT_CONVERSION = YES;
				CLANG_WARN_OBJC_ROOT_CLASS = YES_ERROR;
				CLANG_WARN_UNREACHABLE_CODE = YES;
				CLANG_WARN__DUPLICATE_METHOD_MATCH = YES;
				"CODE_SIGN_IDENTITY[sdk=iphoneos*]" = "iPhone Developer";
				COPY_PHASE_STRIP = NO;
				DEBUG_INFORMATION_FORMAT = dwarf;
				ENABLE_STRICT_OBJC_MSGSEND = YES;
				ENABLE_TESTABILITY = YES;
				GCC_C_LANGUAGE_STANDARD = gnu99;
				GCC_DYNAMIC_NO_PIC = NO;
				GCC_NO_COMMON_BLOCKS = YES;
				GCC_OPTIMIZATION_LEVEL = 0;
				GCC_PREPROCESSOR_DEFINITIONS = (
					"DEBUG=1",
					"$(inherited)",
				);
				GCC_WARN_64_TO_32_BIT_CONVERSION = YES;
				GCC_WARN_ABOUT_RETURN_TYPE = YES_ERROR;
				GCC_WARN_UNDECLARED_SELECTOR = YES;
				GCC_WARN_UNINITIALIZED_AUTOS = YES_AGGRESSIVE;
				GCC_WARN_UNUSED_FUNCTION = YES;
				GCC_WARN_UNUSED_VARIABLE = YES;
				IPHONEOS_DEPLOYMENT_TARGET = 9.0;
				MTL_ENABLE_DEBUG_INFO = YES;
				ONLY_ACTIVE_ARCH = YES;
				SDKROOT = iphoneos;
				SWIFT_OPTIMIZATION_LEVEL = "-Onone";
				TARGETED_DEVICE_FAMILY = "1,2";
			};
			name = Debug;
		};
		107D3AD31CDFA07300687AF4 /* Release */ = {
			isa = XCBuildConfiguration;
			buildSettings = {
				ALWAYS_SEARCH_USER_PATHS = NO;
				CLANG_CXX_LANGUAGE_STANDARD = "gnu++0x";
				CLANG_CXX_LIBRARY = "libc++";
				CLANG_ENABLE_MODULES = YES;
				CLANG_ENABLE_OBJC_ARC = YES;
				CLANG_WARN_BOOL_CONVERSION = YES;
				CLANG_WARN_CONSTANT_CONVERSION = YES;
				CLANG_WARN_DIRECT_OBJC_ISA_USAGE = YES_ERROR;
				CLANG_WARN_EMPTY_BODY = YES;
				CLANG_WARN_ENUM_CONVERSION = YES;
				CLANG_WARN_INT_CONVERSION = YES;
				CLANG_WARN_OBJC_ROOT_CLASS = YES_ERROR;
				CLANG_WARN_UNREACHABLE_CODE = YES;
				CLANG_WARN__DUPLICATE_METHOD_MATCH = YES;
				"CODE_SIGN_IDENTITY[sdk=iphoneos*]" = "iPhone Developer";
				COPY_PHASE_STRIP = NO;
				DEBUG_INFORMATION_FORMAT = "dwarf-with-dsym";
				ENABLE_NS_ASSERTIONS = NO;
				ENABLE_STRICT_OBJC_MSGSEND = YES;
				GCC_C_LANGUAGE_STANDARD = gnu99;
				GCC_NO_COMMON_BLOCKS = YES;
				GCC_WARN_64_TO_32_BIT_CONVERSION = YES;
				GCC_WARN_ABOUT_RETURN_TYPE = YES_ERROR;
				GCC_WARN_UNDECLARED_SELECTOR = YES;
				GCC_WARN_UNINITIALIZED_AUTOS = YES_AGGRESSIVE;
				GCC_WARN_UNUSED_FUNCTION = YES;
				GCC_WARN_UNUSED_VARIABLE = YES;
				IPHONEOS_DEPLOYMENT_TARGET = 9.0;
				MTL_ENABLE_DEBUG_INFO = NO;
				SDKROOT = iphoneos;
				TARGETED_DEVICE_FAMILY = "1,2";
				VALIDATE_PRODUCT = YES;
			};
			name = Release;
		};
		107D3AD51CDFA07300687AF4 /* Debug */ = {
			isa = XCBuildConfiguration;
			buildSettings = {
				ASSETCATALOG_COMPILER_APPICON_NAME = AppIcon;
				INFOPLIST_FILE = PitchPerfect/Info.plist;
				LD_RUNPATH_SEARCH_PATHS = "$(inherited) @executable_path/Frameworks";
				PRODUCT_BUNDLE_IDENTIFIER = pixie.PitchPerfect;
				PRODUCT_NAME = "$(TARGET_NAME)";
			};
			name = Debug;
		};
		107D3AD61CDFA07300687AF4 /* Release */ = {
			isa = XCBuildConfiguration;
			buildSettings = {
				ASSETCATALOG_COMPILER_APPICON_NAME = AppIcon;
				INFOPLIST_FILE = PitchPerfect/Info.plist;
				LD_RUNPATH_SEARCH_PATHS = "$(inherited) @executable_path/Frameworks";
				PRODUCT_BUNDLE_IDENTIFIER = pixie.PitchPerfect;
				PRODUCT_NAME = "$(TARGET_NAME)";
			};
			name = Release;
		};
		107D3AD81CDFA07300687AF4 /* Debug */ = {
			isa = XCBuildConfiguration;
			buildSettings = {
				BUNDLE_LOADER = "$(TEST_HOST)";
				INFOPLIST_FILE = PitchPerfectTests/Info.plist;
				LD_RUNPATH_SEARCH_PATHS = "$(inherited) @executable_path/Frameworks @loader_path/Frameworks";
				PRODUCT_BUNDLE_IDENTIFIER = pixie.PitchPerfectTests;
				PRODUCT_NAME = "$(TARGET_NAME)";
				TEST_HOST = "$(BUILT_PRODUCTS_DIR)/PitchPerfect.app/PitchPerfect";
			};
			name = Debug;
		};
		107D3AD91CDFA07300687AF4 /* Release */ = {
			isa = XCBuildConfiguration;
			buildSettings = {
				BUNDLE_LOADER = "$(TEST_HOST)";
				INFOPLIST_FILE = PitchPerfectTests/Info.plist;
				LD_RUNPATH_SEARCH_PATHS = "$(inherited) @executable_path/Frameworks @loader_path/Frameworks";
				PRODUCT_BUNDLE_IDENTIFIER = pixie.PitchPerfectTests;
				PRODUCT_NAME = "$(TARGET_NAME)";
				TEST_HOST = "$(BUILT_PRODUCTS_DIR)/PitchPerfect.app/PitchPerfect";
			};
			name = Release;
		};
		107D3ADB1CDFA07300687AF4 /* Debug */ = {
			isa = XCBuildConfiguration;
			buildSettings = {
				INFOPLIST_FILE = PitchPerfectUITests/Info.plist;
				LD_RUNPATH_SEARCH_PATHS = "$(inherited) @executable_path/Frameworks @loader_path/Frameworks";
				PRODUCT_BUNDLE_IDENTIFIER = pixie.PitchPerfectUITests;
				PRODUCT_NAME = "$(TARGET_NAME)";
				TEST_TARGET_NAME = PitchPerfect;
				USES_XCTRUNNER = YES;
			};
			name = Debug;
		};
		107D3ADC1CDFA07300687AF4 /* Release */ = {
			isa = XCBuildConfiguration;
			buildSettings = {
				INFOPLIST_FILE = PitchPerfectUITests/Info.plist;
				LD_RUNPATH_SEARCH_PATHS = "$(inherited) @executable_path/Frameworks @loader_path/Frameworks";
				PRODUCT_BUNDLE_IDENTIFIER = pixie.PitchPerfectUITests;
				PRODUCT_NAME = "$(TARGET_NAME)";
				TEST_TARGET_NAME = PitchPerfect;
				USES_XCTRUNNER = YES;
			};
			name = Release;
		};
/* End XCBuildConfiguration section */

/* Begin XCConfigurationList section */
		107D3AA71CDFA07200687AF4 /* Build configuration list for PBXProject "PitchPerfect" */ = {
			isa = XCConfigurationList;
			buildConfigurations = (
				107D3AD21CDFA07300687AF4 /* Debug */,
				107D3AD31CDFA07300687AF4 /* Release */,
			);
			defaultConfigurationIsVisible = 0;
			defaultConfigurationName = Release;
		};
		107D3AD41CDFA07300687AF4 /* Build configuration list for PBXNativeTarget "PitchPerfect" */ = {
			isa = XCConfigurationList;
			buildConfigurations = (
				107D3AD51CDFA07300687AF4 /* Debug */,
				107D3AD61CDFA07300687AF4 /* Release */,
			);
			defaultConfigurationIsVisible = 0;
		};
		107D3AD71CDFA07300687AF4 /* Build configuration list for PBXNativeTarget "PitchPerfectTests" */ = {
			isa = XCConfigurationList;
			buildConfigurations = (
				107D3AD81CDFA07300687AF4 /* Debug */,
				107D3AD91CDFA07300687AF4 /* Release */,
			);
			defaultConfigurationIsVisible = 0;
		};
		107D3ADA1CDFA07300687AF4 /* Build configuration list for PBXNativeTarget "PitchPerfectUITests" */ = {
			isa = XCConfigurationList;
			buildConfigurations = (
				107D3ADB1CDFA07300687AF4 /* Debug */,
				107D3ADC1CDFA07300687AF4 /* Release */,
			);
			defaultConfigurationIsVisible = 0;
		};
/* End XCConfigurationList section */
	};
	rootObject = 107D3AA41CDFA07200687AF4 /* Project object */;
}
